
Microsoft Visual Studio Solution File, Format Version 12.00
# Visual Studio Version 17
VisualStudioVersion = 17.3.32901.215
MinimumVisualStudioVersion = 10.0.40219.1
Project("{9A19103F-16F7-4668-BE54-9A1E7A4F7556}") = "MagicVilla_VillaAPI", "MagicVilla_VillaAPI\MagicVilla_VillaAPI.csproj", "{F4FFBE0B-2225-478E-B5E7-1075C5A5D6B5}"
EndProject
Project("{9A19103F-16F7-4668-BE54-9A1E7A4F7556}") = "MagicVilla_Utility", "MagicVilla_Utility\MagicVilla_Utility.csproj", "{98DE3298-B65E-41D0-8F25-1D967DE4D05F}"
EndProject
Project("{FAE04EC0-301F-11D3-BF4B-00C04F79EFBC}") = "MagicVilla_Web", "MagicVilla_Web\MagicVilla_Web.csproj", "{63A35B8D-0DF2-494E-A9A2-BEF33D4902A1}"
EndProject
Global
	GlobalSection(SolutionConfigurationPlatforms) = preSolution
		Debug|Any CPU = Debug|Any CPU
		Release|Any CPU = Release|Any CPU
	EndGlobalSection
	GlobalSection(ProjectConfigurationPlatforms) = postSolution
		{F4FFBE0B-2225-478E-B5E7-1075C5A5D6B5}.Debug|Any CPU.ActiveCfg = Debug|Any CPU
		{F4FFBE0B-2225-478E-B5E7-1075C5A5D6B5}.Debug|Any CPU.Build.0 = Debug|Any CPU
		{F4FFBE0B-2225-478E-B5E7-1075C5A5D6B5}.Release|Any CPU.ActiveCfg = Release|Any CPU
		{F4FFBE0B-2225-478E-B5E7-1075C5A5D6B5}.Release|Any CPU.Build.0 = Release|Any CPU
		{98DE3298-B65E-41D0-8F25-1D967DE4D05F}.Debug|Any CPU.ActiveCfg = Debug|Any CPU
		{98DE3298-B65E-41D0-8F25-1D967DE4D05F}.Debug|Any CPU.Build.0 = Debug|Any CPU
		{98DE3298-B65E-41D0-8F25-1D967DE4D05F}.Release|Any CPU.ActiveCfg = Release|Any CPU
		{98DE3298-B65E-41D0-8F25-1D967DE4D05F}.Release|Any CPU.Build.0 = Release|Any CPU
		{63A35B8D-0DF2-494E-A9A2-BEF33D4902A1}.Debug|Any CPU.ActiveCfg = Debug|Any CPU
		{63A35B8D-0DF2-494E-A9A2-BEF33D4902A1}.Debug|Any CPU.Build.0 = Debug|Any CPU
		{63A35B8D-0DF2-494E-A9A2-BEF33D4902A1}.Release|Any CPU.ActiveCfg = Release|Any CPU
		{63A35B8D-0DF2-494E-A9A2-BEF33D4902A1}.Release|Any CPU.Build.0 = Release|Any CPU
	EndGlobalSection
	GlobalSection(SolutionProperties) = preSolution
		HideSolutionNode = FALSE
	EndGlobalSection
	GlobalSection(ExtensibilityGlobals) = postSolution
		SolutionGuid = {55592DB6-5F92-47D7-AF09-629894349A19}
	EndGlobalSection
EndGlobal
